// !$*UTF8*$!
{
	archiveVersion = 1;
	classes = {
	};
	objectVersion = 50;
	objects = {

/* Begin PBXBuildFile section */
		2046C15C2112F89600D5E265 /* ImageViewCell.swift in Sources */ = {isa = PBXBuildFile; fileRef = 2046C15B2112F89600D5E265 /* ImageViewCell.swift */; };
		20B2E023210F38AC0035C8F2 /* AppDelegate.swift in Sources */ = {isa = PBXBuildFile; fileRef = 20B2E022210F38AC0035C8F2 /* AppDelegate.swift */; };
		20B2E025210F38AC0035C8F2 /* ViewController.swift in Sources */ = {isa = PBXBuildFile; fileRef = 20B2E024210F38AC0035C8F2 /* ViewController.swift */; };
		20B2E028210F38AC0035C8F2 /* Main.storyboard in Resources */ = {isa = PBXBuildFile; fileRef = 20B2E026210F38AC0035C8F2 /* Main.storyboard */; };
		20B2E02A210F38B00035C8F2 /* Assets.xcassets in Resources */ = {isa = PBXBuildFile; fileRef = 20B2E029210F38B00035C8F2 /* Assets.xcassets */; };
		20B2E02D210F38B00035C8F2 /* LaunchScreen.storyboard in Resources */ = {isa = PBXBuildFile; fileRef = 20B2E02B210F38B00035C8F2 /* LaunchScreen.storyboard */; };
		20B2E061210F39B60035C8F2 /* Springbok.framework in Frameworks */ = {isa = PBXBuildFile; fileRef = 20B2E05E210F39980035C8F2 /* Springbok.framework */; };
		20B2E062210F39B60035C8F2 /* Springbok.framework in Embed Frameworks */ = {isa = PBXBuildFile; fileRef = 20B2E05E210F39980035C8F2 /* Springbok.framework */; settings = {ATTRIBUTES = (CodeSignOnCopy, RemoveHeadersOnCopy, ); }; };
/* End PBXBuildFile section */

/* Begin PBXContainerItemProxy section */
		20B2E05D210F39980035C8F2 /* PBXContainerItemProxy */ = {
			isa = PBXContainerItemProxy;
			containerPortal = 20B2E058210F39970035C8F2 /* Springbok.xcodeproj */;
			proxyType = 2;
			remoteGlobalIDString = 20B2E03E210F391A0035C8F2;
			remoteInfo = Springbok;
		};
		20B2E05F210F39980035C8F2 /* PBXContainerItemProxy */ = {
			isa = PBXContainerItemProxy;
			containerPortal = 20B2E058210F39970035C8F2 /* Springbok.xcodeproj */;
			proxyType = 2;
			remoteGlobalIDString = 20B2E047210F391A0035C8F2;
			remoteInfo = SpringbokTests;
		};
		20B2E063210F39B60035C8F2 /* PBXContainerItemProxy */ = {
			isa = PBXContainerItemProxy;
			containerPortal = 20B2E058210F39970035C8F2 /* Springbok.xcodeproj */;
			proxyType = 1;
			remoteGlobalIDString = 20B2E03D210F391A0035C8F2;
			remoteInfo = Springbok;
		};
/* End PBXContainerItemProxy section */

/* Begin PBXCopyFilesBuildPhase section */
		20B2E065210F39B60035C8F2 /* Embed Frameworks */ = {
			isa = PBXCopyFilesBuildPhase;
			buildActionMask = 2147483647;
			dstPath = "";
			dstSubfolderSpec = 10;
			files = (
				20B2E062210F39B60035C8F2 /* Springbok.framework in Embed Frameworks */,
			);
			name = "Embed Frameworks";
			runOnlyForDeploymentPostprocessing = 0;
		};
/* End PBXCopyFilesBuildPhase section */

/* Begin PBXFileReference section */
		2046C15B2112F89600D5E265 /* ImageViewCell.swift */ = {isa = PBXFileReference; lastKnownFileType = sourcecode.swift; path = ImageViewCell.swift; sourceTree = "<group>"; };
		20B2E01F210F38AB0035C8F2 /* Example.app */ = {isa = PBXFileReference; explicitFileType = wrapper.application; includeInIndex = 0; path = Example.app; sourceTree = BUILT_PRODUCTS_DIR; };
		20B2E022210F38AC0035C8F2 /* AppDelegate.swift */ = {isa = PBXFileReference; lastKnownFileType = sourcecode.swift; path = AppDelegate.swift; sourceTree = "<group>"; };
		20B2E024210F38AC0035C8F2 /* ViewController.swift */ = {isa = PBXFileReference; lastKnownFileType = sourcecode.swift; path = ViewController.swift; sourceTree = "<group>"; };
		20B2E027210F38AC0035C8F2 /* Base */ = {isa = PBXFileReference; lastKnownFileType = file.storyboard; name = Base; path = Base.lproj/Main.storyboard; sourceTree = "<group>"; };
		20B2E029210F38B00035C8F2 /* Assets.xcassets */ = {isa = PBXFileReference; lastKnownFileType = folder.assetcatalog; path = Assets.xcassets; sourceTree = "<group>"; };
		20B2E02C210F38B00035C8F2 /* Base */ = {isa = PBXFileReference; lastKnownFileType = file.storyboard; name = Base; path = Base.lproj/LaunchScreen.storyboard; sourceTree = "<group>"; };
		20B2E02E210F38B00035C8F2 /* Info.plist */ = {isa = PBXFileReference; lastKnownFileType = text.plist.xml; path = Info.plist; sourceTree = "<group>"; };
		20B2E058210F39970035C8F2 /* Springbok.xcodeproj */ = {isa = PBXFileReference; lastKnownFileType = "wrapper.pb-project"; name = Springbok.xcodeproj; path = ../Springbok.xcodeproj; sourceTree = "<group>"; };
/* End PBXFileReference section */

/* Begin PBXFrameworksBuildPhase section */
		20B2E01C210F38AB0035C8F2 /* Frameworks */ = {
			isa = PBXFrameworksBuildPhase;
			buildActionMask = 2147483647;
			files = (
				20B2E061210F39B60035C8F2 /* Springbok.framework in Frameworks */,
			);
			runOnlyForDeploymentPostprocessing = 0;
		};
/* End PBXFrameworksBuildPhase section */

/* Begin PBXGroup section */
		20B2E016210F38AB0035C8F2 = {
			isa = PBXGroup;
			children = (
				20B2E021210F38AB0035C8F2 /* Example */,
				20B2E020210F38AB0035C8F2 /* Products */,
				20B2E058210F39970035C8F2 /* Springbok.xcodeproj */,
			);
			sourceTree = "<group>";
		};
		20B2E020210F38AB0035C8F2 /* Products */ = {
			isa = PBXGroup;
			children = (
				20B2E01F210F38AB0035C8F2 /* Example.app */,
			);
			name = Products;
			sourceTree = "<group>";
		};
		20B2E021210F38AB0035C8F2 /* Example */ = {
			isa = PBXGroup;
			children = (
				20B2E022210F38AC0035C8F2 /* AppDelegate.swift */,
				20B2E024210F38AC0035C8F2 /* ViewController.swift */,
				2046C15B2112F89600D5E265 /* ImageViewCell.swift */,
				20B2E026210F38AC0035C8F2 /* Main.storyboard */,
				20B2E029210F38B00035C8F2 /* Assets.xcassets */,
				20B2E02B210F38B00035C8F2 /* LaunchScreen.storyboard */,
				20B2E02E210F38B00035C8F2 /* Info.plist */,
			);
			path = Example;
			sourceTree = "<group>";
		};
		20B2E059210F39970035C8F2 /* Products */ = {
			isa = PBXGroup;
			children = (
				20B2E05E210F39980035C8F2 /* Springbok.framework */,
				20B2E060210F39980035C8F2 /* SpringbokTests.xctest */,
			);
			name = Products;
			sourceTree = "<group>";
		};
/* End PBXGroup section */

/* Begin PBXNativeTarget section */
		20B2E01E210F38AB0035C8F2 /* Example */ = {
			isa = PBXNativeTarget;
			buildConfigurationList = 20B2E031210F38B00035C8F2 /* Build configuration list for PBXNativeTarget "Example" */;
			buildPhases = (
				20B2E01B210F38AB0035C8F2 /* Sources */,
				20B2E01C210F38AB0035C8F2 /* Frameworks */,
				20B2E01D210F38AB0035C8F2 /* Resources */,
				20B2E065210F39B60035C8F2 /* Embed Frameworks */,
				20B2E06E210F3D0F0035C8F2 /* SwiftLint */,
			);
			buildRules = (
			);
			dependencies = (
				20B2E064210F39B60035C8F2 /* PBXTargetDependency */,
			);
			name = Example;
			productName = Example;
			productReference = 20B2E01F210F38AB0035C8F2 /* Example.app */;
			productType = "com.apple.product-type.application";
		};
/* End PBXNativeTarget section */

/* Begin PBXProject section */
		20B2E017210F38AB0035C8F2 /* Project object */ = {
			isa = PBXProject;
			attributes = {
				LastSwiftUpdateCheck = 1000;
				LastUpgradeCheck = 1000;
				ORGANIZATIONNAME = Nodes;
				TargetAttributes = {
					20B2E01E210F38AB0035C8F2 = {
						CreatedOnToolsVersion = 10.0;
					};
				};
			};
			buildConfigurationList = 20B2E01A210F38AB0035C8F2 /* Build configuration list for PBXProject "Example" */;
			compatibilityVersion = "Xcode 9.3";
			developmentRegion = en;
			hasScannedForEncodings = 0;
			knownRegions = (
				en,
				Base,
			);
			mainGroup = 20B2E016210F38AB0035C8F2;
			productRefGroup = 20B2E020210F38AB0035C8F2 /* Products */;
			projectDirPath = "";
			projectReferences = (
				{
					ProductGroup = 20B2E059210F39970035C8F2 /* Products */;
					ProjectRef = 20B2E058210F39970035C8F2 /* Springbok.xcodeproj */;
				},
			);
			projectRoot = "";
			targets = (
				20B2E01E210F38AB0035C8F2 /* Example */,
			);
		};
/* End PBXProject section */

/* Begin PBXReferenceProxy section */
		20B2E05E210F39980035C8F2 /* Springbok.framework */ = {
			isa = PBXReferenceProxy;
			fileType = wrapper.framework;
			path = Springbok.framework;
			remoteRef = 20B2E05D210F39980035C8F2 /* PBXContainerItemProxy */;
			sourceTree = BUILT_PRODUCTS_DIR;
		};
		20B2E060210F39980035C8F2 /* SpringbokTests.xctest */ = {
			isa = PBXReferenceProxy;
			fileType = wrapper.cfbundle;
			path = SpringbokTests.xctest;
			remoteRef = 20B2E05F210F39980035C8F2 /* PBXContainerItemProxy */;
			sourceTree = BUILT_PRODUCTS_DIR;
		};
/* End PBXReferenceProxy section */

/* Begin PBXResourcesBuildPhase section */
		20B2E01D210F38AB0035C8F2 /* Resources */ = {
			isa = PBXResourcesBuildPhase;
			buildActionMask = 2147483647;
			files = (
				20B2E02D210F38B00035C8F2 /* LaunchScreen.storyboard in Resources */,
				20B2E02A210F38B00035C8F2 /* Assets.xcassets in Resources */,
				20B2E028210F38AC0035C8F2 /* Main.storyboard in Resources */,
			);
			runOnlyForDeploymentPostprocessing = 0;
		};
/* End PBXResourcesBuildPhase section */

/* Begin PBXShellScriptBuildPhase section */
		20B2E06E210F3D0F0035C8F2 /* SwiftLint */ = {
			isa = PBXShellScriptBuildPhase;
			buildActionMask = 2147483647;
			files = (
			);
			inputFileListPaths = (
			);
			inputPaths = (
			);
			name = SwiftLint;
			outputFileListPaths = (
			);
			outputPaths = (
			);
			runOnlyForDeploymentPostprocessing = 0;
			shellPath = /bin/sh;
			shellScript = "if which swiftlint >/dev/null; then\n    swiftlint\nelse\n    echo \"warning: SwiftLint not installed, download from https://github.com/realm/SwiftLint\"\nfi\n";
		};
/* End PBXShellScriptBuildPhase section */

/* Begin PBXSourcesBuildPhase section */
		20B2E01B210F38AB0035C8F2 /* Sources */ = {
			isa = PBXSourcesBuildPhase;
			buildActionMask = 2147483647;
			files = (
				20B2E025210F38AC0035C8F2 /* ViewController.swift in Sources */,
				2046C15C2112F89600D5E265 /* ImageViewCell.swift in Sources */,
				20B2E023210F38AC0035C8F2 /* AppDelegate.swift in Sources */,
			);
			runOnlyForDeploymentPostprocessing = 0;
		};
/* End PBXSourcesBuildPhase section */

/* Begin PBXTargetDependency section */
		20B2E064210F39B60035C8F2 /* PBXTargetDependency */ = {
			isa = PBXTargetDependency;
			name = Springbok;
			targetProxy = 20B2E063210F39B60035C8F2 /* PBXContainerItemProxy */;
		};
/* End PBXTargetDependency section */

/* Begin PBXVariantGroup section */
		20B2E026210F38AC0035C8F2 /* Main.storyboard */ = {
			isa = PBXVariantGroup;
			children = (
				20B2E027210F38AC0035C8F2 /* Base */,
			);
			name = Main.storyboard;
			sourceTree = "<group>";
		};
		20B2E02B210F38B00035C8F2 /* LaunchScreen.storyboard */ = {
			isa = PBXVariantGroup;
			children = (
				20B2E02C210F38B00035C8F2 /* Base */,
			);
			name = LaunchScreen.storyboard;
			sourceTree = "<group>";
		};
/* End PBXVariantGroup section */

/* Begin XCBuildConfiguration section */
		20B2E02F210F38B00035C8F2 /* Debug */ = {
			isa = XCBuildConfiguration;
			buildSettings = {
				ALWAYS_SEARCH_USER_PATHS = NO;
				CLANG_ANALYZER_NONNULL = YES;
				CLANG_ANALYZER_NUMBER_OBJECT_CONVERSION = YES_AGGRESSIVE;
				CLANG_CXX_LANGUAGE_STANDARD = "gnu++14";
				CLANG_CXX_LIBRARY = "libc++";
				CLANG_ENABLE_MODULES = YES;
				CLANG_ENABLE_OBJC_ARC = YES;
				CLANG_ENABLE_OBJC_WEAK = YES;
				CLANG_WARN_BLOCK_CAPTURE_AUTORELEASING = YES;
				CLANG_WARN_BOOL_CONVERSION = YES;
				CLANG_WARN_COMMA = YES;
				CLANG_WARN_CONSTANT_CONVERSION = YES;
				CLANG_WARN_DEPRECATED_OBJC_IMPLEMENTATIONS = YES;
				CLANG_WARN_DIRECT_OBJC_ISA_USAGE = YES_ERROR;
				CLANG_WARN_DOCUMENTATION_COMMENTS = YES;
				CLANG_WARN_EMPTY_BODY = YES;
				CLANG_WARN_ENUM_CONVERSION = YES;
				CLANG_WARN_INFINITE_RECURSION = YES;
				CLANG_WARN_INT_CONVERSION = YES;
				CLANG_WARN_NON_LITERAL_NULL_CONVERSION = YES;
				CLANG_WARN_OBJC_IMPLICIT_RETAIN_SELF = YES;
				CLANG_WARN_OBJC_LITERAL_CONVERSION = YES;
				CLANG_WARN_OBJC_ROOT_CLASS = YES_ERROR;
				CLANG_WARN_RANGE_LOOP_ANALYSIS = YES;
				CLANG_WARN_STRICT_PROTOTYPES = YES;
				CLANG_WARN_SUSPICIOUS_MOVE = YES;
				CLANG_WARN_UNGUARDED_AVAILABILITY = YES_AGGRESSIVE;
				CLANG_WARN_UNREACHABLE_CODE = YES;
				CLANG_WARN__DUPLICATE_METHOD_MATCH = YES;
				CODE_SIGN_IDENTITY = "iPhone Developer";
				COPY_PHASE_STRIP = NO;
				DEBUG_INFORMATION_FORMAT = dwarf;
				ENABLE_STRICT_OBJC_MSGSEND = YES;
				ENABLE_TESTABILITY = YES;
				GCC_C_LANGUAGE_STANDARD = gnu11;
				GCC_DYNAMIC_NO_PIC = NO;
				GCC_NO_COMMON_BLOCKS = YES;
				GCC_OPTIMIZATION_LEVEL = 0;
				GCC_PREPROCESSOR_DEFINITIONS = (
					"DEBUG=1",
					"$(inherited)",
				);
				GCC_WARN_64_TO_32_BIT_CONVERSION = YES;
				GCC_WARN_ABOUT_RETURN_TYPE = YES_ERROR;
				GCC_WARN_UNDECLARED_SELECTOR = YES;
				GCC_WARN_UNINITIALIZED_AUTOS = YES_AGGRESSIVE;
				GCC_WARN_UNUSED_FUNCTION = YES;
				GCC_WARN_UNUSED_VARIABLE = YES;
				IPHONEOS_DEPLOYMENT_TARGET = 12.0;
				MTL_ENABLE_DEBUG_INFO = INCLUDE_SOURCE;
				MTL_FAST_MATH = YES;
				ONLY_ACTIVE_ARCH = YES;
				SDKROOT = iphoneos;
				SWIFT_ACTIVE_COMPILATION_CONDITIONS = DEBUG;
				SWIFT_OPTIMIZATION_LEVEL = "-Onone";
			};
			name = Debug;
		};
		20B2E030210F38B00035C8F2 /* Release */ = {
			isa = XCBuildConfiguration;
			buildSettings = {
				ALWAYS_SEARCH_USER_PATHS = NO;
				CLANG_ANALYZER_NONNULL = YES;
				CLANG_ANALYZER_NUMBER_OBJECT_CONVERSION = YES_AGGRESSIVE;
				CLANG_CXX_LANGUAGE_STANDARD = "gnu++14";
				CLANG_CXX_LIBRARY = "libc++";
				CLANG_ENABLE_MODULES = YES;
				CLANG_ENABLE_OBJC_ARC = YES;
				CLANG_ENABLE_OBJC_WEAK = YES;
				CLANG_WARN_BLOCK_CAPTURE_AUTORELEASING = YES;
				CLANG_WARN_BOOL_CONVERSION = YES;
				CLANG_WARN_COMMA = YES;
				CLANG_WARN_CONSTANT_CONVERSION = YES;
				CLANG_WARN_DEPRECATED_OBJC_IMPLEMENTATIONS = YES;
				CLANG_WARN_DIRECT_OBJC_ISA_USAGE = YES_ERROR;
				CLANG_WARN_DOCUMENTATION_COMMENTS = YES;
				CLANG_WARN_EMPTY_BODY = YES;
				CLANG_WARN_ENUM_CONVERSION = YES;
				CLANG_WARN_INFINITE_RECURSION = YES;
				CLANG_WARN_INT_CONVERSION = YES;
				CLANG_WARN_NON_LITERAL_NULL_CONVERSION = YES;
				CLANG_WARN_OBJC_IMPLICIT_RETAIN_SELF = YES;
				CLANG_WARN_OBJC_LITERAL_CONVERSION = YES;
				CLANG_WARN_OBJC_ROOT_CLASS = YES_ERROR;
				CLANG_WARN_RANGE_LOOP_ANALYSIS = YES;
				CLANG_WARN_STRICT_PROTOTYPES = YES;
				CLANG_WARN_SUSPICIOUS_MOVE = YES;
				CLANG_WARN_UNGUARDED_AVAILABILITY = YES_AGGRESSIVE;
				CLANG_WARN_UNREACHABLE_CODE = YES;
				CLANG_WARN__DUPLICATE_METHOD_MATCH = YES;
				CODE_SIGN_IDENTITY = "iPhone Developer";
				COPY_PHASE_STRIP = NO;
				DEBUG_INFORMATION_FORMAT = "dwarf-with-dsym";
				ENABLE_NS_ASSERTIONS = NO;
				ENABLE_STRICT_OBJC_MSGSEND = YES;
				GCC_C_LANGUAGE_STANDARD = gnu11;
				GCC_NO_COMMON_BLOCKS = YES;
				GCC_WARN_64_TO_32_BIT_CONVERSION = YES;
				GCC_WARN_ABOUT_RETURN_TYPE = YES_ERROR;
				GCC_WARN_UNDECLARED_SELECTOR = YES;
				GCC_WARN_UNINITIALIZED_AUTOS = YES_AGGRESSIVE;
				GCC_WARN_UNUSED_FUNCTION = YES;
				GCC_WARN_UNUSED_VARIABLE = YES;
				IPHONEOS_DEPLOYMENT_TARGET = 12.0;
				MTL_ENABLE_DEBUG_INFO = NO;
				MTL_FAST_MATH = YES;
				SDKROOT = iphoneos;
				SWIFT_COMPILATION_MODE = wholemodule;
				SWIFT_OPTIMIZATION_LEVEL = "-O";
				VALIDATE_PRODUCT = YES;
			};
			name = Release;
		};
		20B2E032210F38B00035C8F2 /* Debug */ = {
			isa = XCBuildConfiguration;
			buildSettings = {
				ASSETCATALOG_COMPILER_APPICON_NAME = AppIcon;
				CODE_SIGN_STYLE = Automatic;
				DEVELOPMENT_TEAM = 7ERLK54RKG;
				INFOPLIST_FILE = Example/Info.plist;
				LD_RUNPATH_SEARCH_PATHS = (
					"$(inherited)",
					"@executable_path/Frameworks",
				);
				PRODUCT_BUNDLE_IDENTIFIER = nodes.com.Example;
				PRODUCT_NAME = "$(TARGET_NAME)";
				SWIFT_VERSION = 4.2;
				TARGETED_DEVICE_FAMILY = "1,2";
			};
			name = Debug;
		};
		20B2E033210F38B00035C8F2 /* Release */ = {
			isa = XCBuildConfiguration;
			buildSettings = {
				ASSETCATALOG_COMPILER_APPICON_NAME = AppIcon;
				CODE_SIGN_STYLE = Automatic;
				DEVELOPMENT_TEAM = 7ERLK54RKG;
				INFOPLIST_FILE = Example/Info.plist;
				LD_RUNPATH_SEARCH_PATHS = (
					"$(inherited)",
					"@executable_path/Frameworks",
				);
				PRODUCT_BUNDLE_IDENTIFIER = nodes.com.Example;
				PRODUCT_NAME = "$(TARGET_NAME)";
				SWIFT_VERSION = 4.2;
				TARGETED_DEVICE_FAMILY = "1,2";
			};
			name = Release;
		};
/* End XCBuildConfiguration section */

/* Begin XCConfigurationList section */
		20B2E01A210F38AB0035C8F2 /* Build configuration list for PBXProject "Example" */ = {
			isa = XCConfigurationList;
			buildConfigurations = (
				20B2E02F210F38B00035C8F2 /* Debug */,
				20B2E030210F38B00035C8F2 /* Release */,
			);
			defaultConfigurationIsVisible = 0;
			defaultConfigurationName = Release;
		};
		20B2E031210F38B00035C8F2 /* Build configuration list for PBXNativeTarget "Example" */ = {
			isa = XCConfigurationList;
			buildConfigurations = (
				20B2E032210F38B00035C8F2 /* Debug */,
				20B2E033210F38B00035C8F2 /* Release */,
			);
			defaultConfigurationIsVisible = 0;
			defaultConfigurationName = Release;
		};
/* End XCConfigurationList section */
	};
	rootObject = 20B2E017210F38AB0035C8F2 /* Project object */;
}
